// !$*UTF8*$!
{
	archiveVersion = 1;
	classes = {
	};
	objectVersion = 46;
	objects = {

/* Begin PBXBuildFile section */
		0BB8DA0B59FB70924EC07223 /* Pods_____VR.framework in Frameworks */ = {isa = PBXBuildFile; fileRef = 9DCCE2BE5CA2CAAFB0ED136E /* Pods_____VR.framework */; };
		770102031D01838B00A1DEEE /* OauthInfo.swift in Sources */ = {isa = PBXBuildFile; fileRef = 770102021D01838B00A1DEEE /* OauthInfo.swift */; };
		7701A6221CF83EE4003213CD /* TaxonomyPlatformsDevice.swift in Sources */ = {isa = PBXBuildFile; fileRef = 7701A6211CF83EE4003213CD /* TaxonomyPlatformsDevice.swift */; };
		7701A6241CF84017003213CD /* TaxonomyVideo.swift in Sources */ = {isa = PBXBuildFile; fileRef = 7701A6231CF84017003213CD /* TaxonomyVideo.swift */; };
		7703FA3E1CDF6AAD002DF803 /* StaticTableViewPresentable.swift in Sources */ = {isa = PBXBuildFile; fileRef = 7703FA3D1CDF6AAD002DF803 /* StaticTableViewPresentable.swift */; };
		7703FA401CDF6AD2002DF803 /* CellModel.swift in Sources */ = {isa = PBXBuildFile; fileRef = 7703FA3F1CDF6AD2002DF803 /* CellModel.swift */; };
		7703FA421CDF6E39002DF803 /* StaticCell.swift in Sources */ = {isa = PBXBuildFile; fileRef = 7703FA411CDF6E39002DF803 /* StaticCell.swift */; };
		771027B91D0C14D50032F052 /* CommonCategory.swift in Sources */ = {isa = PBXBuildFile; fileRef = 771027B81D0C14D50032F052 /* CommonCategory.swift */; };
		7711026D1CD8D07B0081B953 /* AuxiliaryModels.swift in Sources */ = {isa = PBXBuildFile; fileRef = 7711026A1CD8D07B0081B953 /* AuxiliaryModels.swift */; };
		7711026E1CD8D07B0081B953 /* CyclePictureCell.swift in Sources */ = {isa = PBXBuildFile; fileRef = 7711026B1CD8D07B0081B953 /* CyclePictureCell.swift */; };
		7711026F1CD8D07B0081B953 /* CyclePictureView.swift in Sources */ = {isa = PBXBuildFile; fileRef = 7711026C1CD8D07B0081B953 /* CyclePictureView.swift */; };
		77185C0B1CD063D700525789 /* Details.css in Resources */ = {isa = PBXBuildFile; fileRef = 77185C0A1CD063D700525789 /* Details.css */; };
		77185C0F1CD0FC7300525789 /* MBProgressHUD+Extension.swift in Sources */ = {isa = PBXBuildFile; fileRef = 77185C0E1CD0FC7300525789 /* MBProgressHUD+Extension.swift */; };
		771EF7C81CE18238008956C0 /* UserManager.swift in Sources */ = {isa = PBXBuildFile; fileRef = 771EF7C71CE18238008956C0 /* UserManager.swift */; };
		771EF7CA1CE2CBE5008956C0 /* BBSInfo.swift in Sources */ = {isa = PBXBuildFile; fileRef = 771EF7C91CE2CBE5008956C0 /* BBSInfo.swift */; };
		771EF7CE1CE2CC1F008956C0 /* Participant.swift in Sources */ = {isa = PBXBuildFile; fileRef = 771EF7CD1CE2CC1F008956C0 /* Participant.swift */; };
		771EF7D21CE2D15B008956C0 /* Post.swift in Sources */ = {isa = PBXBuildFile; fileRef = 771EF7D11CE2D15B008956C0 /* Post.swift */; };
		771EF7D41CE35B0D008956C0 /* ReplyCell.swift in Sources */ = {isa = PBXBuildFile; fileRef = 771EF7D31CE35B0D008956C0 /* ReplyCell.swift */; };
		771EF7D61CE35BDF008956C0 /* ReplyCellViewModel.swift in Sources */ = {isa = PBXBuildFile; fileRef = 771EF7D51CE35BDF008956C0 /* ReplyCellViewModel.swift */; };
		771EF7D81CE36356008956C0 /* RegexHelper.swift in Sources */ = {isa = PBXBuildFile; fileRef = 771EF7D71CE36356008956C0 /* RegexHelper.swift */; };
		772F7DF71CEAA2D800C1E1D6 /* RegisterCheck.swift in Sources */ = {isa = PBXBuildFile; fileRef = 772F7DF61CEAA2D800C1E1D6 /* RegisterCheck.swift */; };
		773B8CF91CE4A64C004077F6 /* ReplyController.swift in Sources */ = {isa = PBXBuildFile; fileRef = 773B8CF81CE4A64C004077F6 /* ReplyController.swift */; };
		774B27991D09042B00B8A2CB /* CoreTextView.swift in Sources */ = {isa = PBXBuildFile; fileRef = 774B27981D09042B00B8A2CB /* CoreTextView.swift */; };
		774F5EBB1CCB12090087413F /* BBSURLConfig.swift in Sources */ = {isa = PBXBuildFile; fileRef = 774F5EBA1CCB12090087413F /* BBSURLConfig.swift */; };
		775114981CC75C3A00BC6FB4 /* TabBarController.swift in Sources */ = {isa = PBXBuildFile; fileRef = 7751148F1CC75C3A00BC6FB4 /* TabBarController.swift */; };
		775114991CC75C3A00BC6FB4 /* AppDelegate.swift in Sources */ = {isa = PBXBuildFile; fileRef = 775114911CC75C3A00BC6FB4 /* AppDelegate.swift */; };
		7751149B1CC75C7D00BC6FB4 /* BBS.storyboard in Resources */ = {isa = PBXBuildFile; fileRef = 7751149A1CC75C7D00BC6FB4 /* BBS.storyboard */; };
		7751149D1CC75C9300BC6FB4 /* Evaluation.storyboard in Resources */ = {isa = PBXBuildFile; fileRef = 7751149C1CC75C9300BC6FB4 /* Evaluation.storyboard */; };
		7751149F1CC75C9D00BC6FB4 /* News.storyboard in Resources */ = {isa = PBXBuildFile; fileRef = 7751149E1CC75C9D00BC6FB4 /* News.storyboard */; };
		775114A11CC75CA900BC6FB4 /* Profile.storyboard in Resources */ = {isa = PBXBuildFile; fileRef = 775114A01CC75CA900BC6FB4 /* Profile.storyboard */; };
		775114A31CC766BA00BC6FB4 /* BBSController.swift in Sources */ = {isa = PBXBuildFile; fileRef = 775114A21CC766BA00BC6FB4 /* BBSController.swift */; };
		775319C01D069C9F00E0DC3C /* TaxonomyScrollView.swift in Sources */ = {isa = PBXBuildFile; fileRef = 775319BF1D069C9F00E0DC3C /* TaxonomyScrollView.swift */; };
		775319C21D069E5F00E0DC3C /* SearchController.swift in Sources */ = {isa = PBXBuildFile; fileRef = 775319C11D069E5F00E0DC3C /* SearchController.swift */; };
		7761A1A81CCC7439004A6EBA /* ContainerController.swift in Sources */ = {isa = PBXBuildFile; fileRef = 7761A1A71CCC7439004A6EBA /* ContainerController.swift */; };
		7761A1AA1CCC983A004A6EBA /* ChannelScrollView.swift in Sources */ = {isa = PBXBuildFile; fileRef = 7761A1A91CCC983A004A6EBA /* ChannelScrollView.swift */; };
		7761A1B01CCCF95B004A6EBA /* NewsListController.swift in Sources */ = {isa = PBXBuildFile; fileRef = 7761A1AF1CCCF95B004A6EBA /* NewsListController.swift */; };
		7761A1B21CCCFF43004A6EBA /* ChannelLabel.swift in Sources */ = {isa = PBXBuildFile; fileRef = 7761A1B11CCCFF43004A6EBA /* ChannelLabel.swift */; };
		776274FF1CC71EBB001B5793 /* Main.storyboard in Resources */ = {isa = PBXBuildFile; fileRef = 776274FD1CC71EBB001B5793 /* Main.storyboard */; };
		776275011CC71EBB001B5793 /* Assets.xcassets in Resources */ = {isa = PBXBuildFile; fileRef = 776275001CC71EBB001B5793 /* Assets.xcassets */; };
		776275041CC71EBB001B5793 /* LaunchScreen.storyboard in Resources */ = {isa = PBXBuildFile; fileRef = 776275021CC71EBB001B5793 /* LaunchScreen.storyboard */; };
		77737E461CCFABEB0071794E /* NewsDetailController.swift in Sources */ = {isa = PBXBuildFile; fileRef = 77737E451CCFABEB0071794E /* NewsDetailController.swift */; };
		777CD0871D06C8F2000088A6 /* DetailVcJumpable.swift in Sources */ = {isa = PBXBuildFile; fileRef = 777CD0861D06C8F2000088A6 /* DetailVcJumpable.swift */; };
		777CD0891D06FF06000088A6 /* NavigationController.swift in Sources */ = {isa = PBXBuildFile; fileRef = 777CD0881D06FF06000088A6 /* NavigationController.swift */; };
		777EBEB71CDB3DBD001A4BE4 /* ProfileController.swift in Sources */ = {isa = PBXBuildFile; fileRef = 777EBEB61CDB3DBD001A4BE4 /* ProfileController.swift */; };
		777EBEBD1CDB800C001A4BE4 /* LoginController.swift in Sources */ = {isa = PBXBuildFile; fileRef = 777EBEBC1CDB800C001A4BE4 /* LoginController.swift */; };
		77A6D9B61CD4A958003BFAA5 /* ShareTool.swift in Sources */ = {isa = PBXBuildFile; fileRef = 77A6D9B51CD4A958003BFAA5 /* ShareTool.swift */; };
		77A6D9B81CD58E16003BFAA5 /* OtherLinkWebController.swift in Sources */ = {isa = PBXBuildFile; fileRef = 77A6D9B71CD58E16003BFAA5 /* OtherLinkWebController.swift */; };
		77BA12591CCD9FBA002C18AC /* ContainerView.swift in Sources */ = {isa = PBXBuildFile; fileRef = 77BA12581CCD9FBA002C18AC /* ContainerView.swift */; };
		77C225251CDC858C003DF5F0 /* UserModel.swift in Sources */ = {isa = PBXBuildFile; fileRef = 77C225241CDC858C003DF5F0 /* UserModel.swift */; };
		77C225271CDC8681003DF5F0 /* LoginCheck.swift in Sources */ = {isa = PBXBuildFile; fileRef = 77C225261CDC8681003DF5F0 /* LoginCheck.swift */; };
		77C75D751CCDEE4000D1A396 /* ContainerViewDataSource.swift in Sources */ = {isa = PBXBuildFile; fileRef = 77C75D741CCDEE4000D1A396 /* ContainerViewDataSource.swift */; };
		77C75D901CCE0B0900D1A396 /* Category.swift in Sources */ = {isa = PBXBuildFile; fileRef = 77C75D8B1CCE0B0900D1A396 /* Category.swift */; };
		77C75D911CCE0B0900D1A396 /* CustomField.swift in Sources */ = {isa = PBXBuildFile; fileRef = 77C75D8C1CCE0B0900D1A396 /* CustomField.swift */; };
		77C75D921CCE0B0900D1A396 /* NewsModel.swift in Sources */ = {isa = PBXBuildFile; fileRef = 77C75D8D1CCE0B0900D1A396 /* NewsModel.swift */; };
		77C75D941CCE0B0900D1A396 /* Tag.swift in Sources */ = {isa = PBXBuildFile; fileRef = 77C75D8F1CCE0B0900D1A396 /* Tag.swift */; };
		77C75DA21CCE3DB500D1A396 /* ChannelConfig.plist in Resources */ = {isa = PBXBuildFile; fileRef = 77C75DA11CCE3DB500D1A396 /* ChannelConfig.plist */; };
		77C75DA51CCE3EF000D1A396 /* ChannelModel.swift in Sources */ = {isa = PBXBuildFile; fileRef = 77C75DA41CCE3EF000D1A396 /* ChannelModel.swift */; };
		77C75DAA1CCE51D400D1A396 /* AsynOperation.swift in Sources */ = {isa = PBXBuildFile; fileRef = 77C75DA81CCE51D400D1A396 /* AsynOperation.swift */; };
		77C75DAB1CCE51D400D1A396 /* JSONHandler.swift in Sources */ = {isa = PBXBuildFile; fileRef = 77C75DA91CCE51D400D1A396 /* JSONHandler.swift */; };
		77C888DE1CE89B9C00BA6A7B /* DeviceCell.swift in Sources */ = {isa = PBXBuildFile; fileRef = 77C888DD1CE89B9C00BA6A7B /* DeviceCell.swift */; };
		77C888E01CE89C1700BA6A7B /* DeviceCellViewModel.swift in Sources */ = {isa = PBXBuildFile; fileRef = 77C888DF1CE89C1700BA6A7B /* DeviceCellViewModel.swift */; };
		77DC85271CCEFDA40020AF6B /* NewsCell.swift in Sources */ = {isa = PBXBuildFile; fileRef = 77DC85261CCEFDA40020AF6B /* NewsCell.swift */; };
		77DC85291CCF02E60020AF6B /* Result.swift in Sources */ = {isa = PBXBuildFile; fileRef = 77DC85281CCF02E60020AF6B /* Result.swift */; };
		77DC85361CCF05720020AF6B /* ViewPresentable.swift in Sources */ = {isa = PBXBuildFile; fileRef = 77DC85351CCF05720020AF6B /* ViewPresentable.swift */; };
		77DC853A1CCF0CA70020AF6B /* NewCellViewModel.swift in Sources */ = {isa = PBXBuildFile; fileRef = 77DC85391CCF0CA70020AF6B /* NewCellViewModel.swift */; };
		77FAB1D81CE9E97E00C5366F /* RegisterController.swift in Sources */ = {isa = PBXBuildFile; fileRef = 77FAB1D71CE9E97E00C5366F /* RegisterController.swift */; };
/* End PBXBuildFile section */

/* Begin PBXFileReference section */
		1B5F316317EDD5A694E87B85 /* Pods-盗梦极客VR.debug.xcconfig */ = {isa = PBXFileReference; includeInIndex = 1; lastKnownFileType = text.xcconfig; name = "Pods-盗梦极客VR.debug.xcconfig"; path = "Pods/Target Support Files/Pods-盗梦极客VR/Pods-盗梦极客VR.debug.xcconfig"; sourceTree = "<group>"; };
		4D3D58D6A7EE1074ECD4E855 /* Pods.framework */ = {isa = PBXFileReference; explicitFileType = wrapper.framework; includeInIndex = 0; path = Pods.framework; sourceTree = BUILT_PRODUCTS_DIR; };
		770102021D01838B00A1DEEE /* OauthInfo.swift */ = {isa = PBXFileReference; fileEncoding = 4; lastKnownFileType = sourcecode.swift; path = OauthInfo.swift; sourceTree = "<group>"; };
		7701A6211CF83EE4003213CD /* TaxonomyPlatformsDevice.swift */ = {isa = PBXFileReference; fileEncoding = 4; lastKnownFileType = sourcecode.swift; path = TaxonomyPlatformsDevice.swift; sourceTree = "<group>"; };
		7701A6231CF84017003213CD /* TaxonomyVideo.swift */ = {isa = PBXFileReference; fileEncoding = 4; lastKnownFileType = sourcecode.swift; path = TaxonomyVideo.swift; sourceTree = "<group>"; };
		7703FA3D1CDF6AAD002DF803 /* StaticTableViewPresentable.swift */ = {isa = PBXFileReference; fileEncoding = 4; lastKnownFileType = sourcecode.swift; path = StaticTableViewPresentable.swift; sourceTree = "<group>"; };
		7703FA3F1CDF6AD2002DF803 /* CellModel.swift */ = {isa = PBXFileReference; fileEncoding = 4; lastKnownFileType = sourcecode.swift; path = CellModel.swift; sourceTree = "<group>"; };
		7703FA411CDF6E39002DF803 /* StaticCell.swift */ = {isa = PBXFileReference; fileEncoding = 4; lastKnownFileType = sourcecode.swift; path = StaticCell.swift; sourceTree = "<group>"; };
		771027B81D0C14D50032F052 /* CommonCategory.swift */ = {isa = PBXFileReference; fileEncoding = 4; lastKnownFileType = sourcecode.swift; path = CommonCategory.swift; sourceTree = "<group>"; };
		7711026A1CD8D07B0081B953 /* AuxiliaryModels.swift */ = {isa = PBXFileReference; fileEncoding = 4; lastKnownFileType = sourcecode.swift; path = AuxiliaryModels.swift; sourceTree = "<group>"; };
		7711026B1CD8D07B0081B953 /* CyclePictureCell.swift */ = {isa = PBXFileReference; fileEncoding = 4; lastKnownFileType = sourcecode.swift; path = CyclePictureCell.swift; sourceTree = "<group>"; };
		7711026C1CD8D07B0081B953 /* CyclePictureView.swift */ = {isa = PBXFileReference; fileEncoding = 4; lastKnownFileType = sourcecode.swift; path = CyclePictureView.swift; sourceTree = "<group>"; };
		77185C0A1CD063D700525789 /* Details.css */ = {isa = PBXFileReference; fileEncoding = 4; lastKnownFileType = text.css; path = Details.css; sourceTree = "<group>"; };
		77185C0E1CD0FC7300525789 /* MBProgressHUD+Extension.swift */ = {isa = PBXFileReference; fileEncoding = 4; lastKnownFileType = sourcecode.swift; path = "MBProgressHUD+Extension.swift"; sourceTree = "<group>"; };
		771EF7C71CE18238008956C0 /* UserManager.swift */ = {isa = PBXFileReference; fileEncoding = 4; lastKnownFileType = sourcecode.swift; path = UserManager.swift; sourceTree = "<group>"; };
		771EF7C91CE2CBE5008956C0 /* BBSInfo.swift */ = {isa = PBXFileReference; fileEncoding = 4; lastKnownFileType = sourcecode.swift; path = BBSInfo.swift; sourceTree = "<group>"; };
		771EF7CD1CE2CC1F008956C0 /* Participant.swift */ = {isa = PBXFileReference; fileEncoding = 4; lastKnownFileType = sourcecode.swift; path = Participant.swift; sourceTree = "<group>"; };
		771EF7D11CE2D15B008956C0 /* Post.swift */ = {isa = PBXFileReference; fileEncoding = 4; lastKnownFileType = sourcecode.swift; path = Post.swift; sourceTree = "<group>"; };
		771EF7D31CE35B0D008956C0 /* ReplyCell.swift */ = {isa = PBXFileReference; fileEncoding = 4; lastKnownFileType = sourcecode.swift; path = ReplyCell.swift; sourceTree = "<group>"; };
		771EF7D51CE35BDF008956C0 /* ReplyCellViewModel.swift */ = {isa = PBXFileReference; fileEncoding = 4; lastKnownFileType = sourcecode.swift; path = ReplyCellViewModel.swift; sourceTree = "<group>"; };
		771EF7D71CE36356008956C0 /* RegexHelper.swift */ = {isa = PBXFileReference; fileEncoding = 4; lastKnownFileType = sourcecode.swift; path = RegexHelper.swift; sourceTree = "<group>"; };
		772F7DF61CEAA2D800C1E1D6 /* RegisterCheck.swift */ = {isa = PBXFileReference; fileEncoding = 4; lastKnownFileType = sourcecode.swift; path = RegisterCheck.swift; sourceTree = "<group>"; };
		773B8CF81CE4A64C004077F6 /* ReplyController.swift */ = {isa = PBXFileReference; fileEncoding = 4; lastKnownFileType = sourcecode.swift; path = ReplyController.swift; sourceTree = "<group>"; };
		774B27981D09042B00B8A2CB /* CoreTextView.swift */ = {isa = PBXFileReference; fileEncoding = 4; lastKnownFileType = sourcecode.swift; path = CoreTextView.swift; sourceTree = "<group>"; };
		774F5EBA1CCB12090087413F /* BBSURLConfig.swift */ = {isa = PBXFileReference; fileEncoding = 4; lastKnownFileType = sourcecode.swift; path = BBSURLConfig.swift; sourceTree = "<group>"; };
		7751148F1CC75C3A00BC6FB4 /* TabBarController.swift */ = {isa = PBXFileReference; fileEncoding = 4; lastKnownFileType = sourcecode.swift; path = TabBarController.swift; sourceTree = "<group>"; };
		775114911CC75C3A00BC6FB4 /* AppDelegate.swift */ = {isa = PBXFileReference; fileEncoding = 4; lastKnownFileType = sourcecode.swift; path = AppDelegate.swift; sourceTree = "<group>"; };
		7751149A1CC75C7D00BC6FB4 /* BBS.storyboard */ = {isa = PBXFileReference; fileEncoding = 4; lastKnownFileType = file.storyboard; path = BBS.storyboard; sourceTree = "<group>"; };
		7751149C1CC75C9300BC6FB4 /* Evaluation.storyboard */ = {isa = PBXFileReference; fileEncoding = 4; lastKnownFileType = file.storyboard; path = Evaluation.storyboard; sourceTree = "<group>"; };
		7751149E1CC75C9D00BC6FB4 /* News.storyboard */ = {isa = PBXFileReference; fileEncoding = 4; lastKnownFileType = file.storyboard; path = News.storyboard; sourceTree = "<group>"; };
		775114A01CC75CA900BC6FB4 /* Profile.storyboard */ = {isa = PBXFileReference; fileEncoding = 4; lastKnownFileType = file.storyboard; path = Profile.storyboard; sourceTree = "<group>"; };
		775114A21CC766BA00BC6FB4 /* BBSController.swift */ = {isa = PBXFileReference; fileEncoding = 4; lastKnownFileType = sourcecode.swift; path = BBSController.swift; sourceTree = "<group>"; };
		775114A41CC7C3DF00BC6FB4 /* 盗梦极客VR-Bridging-Header.h */ = {isa = PBXFileReference; lastKnownFileType = sourcecode.c.h; path = "盗梦极客VR-Bridging-Header.h"; sourceTree = "<group>"; };
		775319BF1D069C9F00E0DC3C /* TaxonomyScrollView.swift */ = {isa = PBXFileReference; fileEncoding = 4; lastKnownFileType = sourcecode.swift; path = TaxonomyScrollView.swift; sourceTree = "<group>"; };
		775319C11D069E5F00E0DC3C /* SearchController.swift */ = {isa = PBXFileReference; fileEncoding = 4; lastKnownFileType = sourcecode.swift; path = SearchController.swift; sourceTree = "<group>"; };
		7761A1A71CCC7439004A6EBA /* ContainerController.swift */ = {isa = PBXFileReference; fileEncoding = 4; lastKnownFileType = sourcecode.swift; path = ContainerController.swift; sourceTree = "<group>"; };
		7761A1A91CCC983A004A6EBA /* ChannelScrollView.swift */ = {isa = PBXFileReference; fileEncoding = 4; lastKnownFileType = sourcecode.swift; path = ChannelScrollView.swift; sourceTree = "<group>"; };
		7761A1AF1CCCF95B004A6EBA /* NewsListController.swift */ = {isa = PBXFileReference; fileEncoding = 4; lastKnownFileType = sourcecode.swift; path = NewsListController.swift; sourceTree = "<group>"; };
		7761A1B11CCCFF43004A6EBA /* ChannelLabel.swift */ = {isa = PBXFileReference; fileEncoding = 4; lastKnownFileType = sourcecode.swift; path = ChannelLabel.swift; sourceTree = "<group>"; };
		776274F61CC71EBB001B5793 /* 盗梦极客VR.app */ = {isa = PBXFileReference; explicitFileType = wrapper.application; includeInIndex = 0; path = "盗梦极客VR.app"; sourceTree = BUILT_PRODUCTS_DIR; };
		776274FE1CC71EBB001B5793 /* Base */ = {isa = PBXFileReference; lastKnownFileType = file.storyboard; name = Base; path = Base.lproj/Main.storyboard; sourceTree = "<group>"; };
		776275001CC71EBB001B5793 /* Assets.xcassets */ = {isa = PBXFileReference; lastKnownFileType = folder.assetcatalog; path = Assets.xcassets; sourceTree = "<group>"; };
		776275031CC71EBB001B5793 /* Base */ = {isa = PBXFileReference; lastKnownFileType = file.storyboard; name = Base; path = Base.lproj/LaunchScreen.storyboard; sourceTree = "<group>"; };
		776275051CC71EBB001B5793 /* Info.plist */ = {isa = PBXFileReference; lastKnownFileType = text.plist.xml; path = Info.plist; sourceTree = "<group>"; };
		77737E451CCFABEB0071794E /* NewsDetailController.swift */ = {isa = PBXFileReference; fileEncoding = 4; lastKnownFileType = sourcecode.swift; path = NewsDetailController.swift; sourceTree = "<group>"; };
		777CD0861D06C8F2000088A6 /* DetailVcJumpable.swift */ = {isa = PBXFileReference; fileEncoding = 4; lastKnownFileType = sourcecode.swift; path = DetailVcJumpable.swift; sourceTree = "<group>"; };
		777CD0881D06FF06000088A6 /* NavigationController.swift */ = {isa = PBXFileReference; fileEncoding = 4; lastKnownFileType = sourcecode.swift; path = NavigationController.swift; sourceTree = "<group>"; };
		777EBEB61CDB3DBD001A4BE4 /* ProfileController.swift */ = {isa = PBXFileReference; fileEncoding = 4; lastKnownFileType = sourcecode.swift; path = ProfileController.swift; sourceTree = "<group>"; };
		777EBEBC1CDB800C001A4BE4 /* LoginController.swift */ = {isa = PBXFileReference; fileEncoding = 4; lastKnownFileType = sourcecode.swift; path = LoginController.swift; sourceTree = "<group>"; };
		77A6D9B51CD4A958003BFAA5 /* ShareTool.swift */ = {isa = PBXFileReference; fileEncoding = 4; lastKnownFileType = sourcecode.swift; path = ShareTool.swift; sourceTree = "<group>"; };
		77A6D9B71CD58E16003BFAA5 /* OtherLinkWebController.swift */ = {isa = PBXFileReference; fileEncoding = 4; lastKnownFileType = sourcecode.swift; path = OtherLinkWebController.swift; sourceTree = "<group>"; };
		77BA12581CCD9FBA002C18AC /* ContainerView.swift */ = {isa = PBXFileReference; fileEncoding = 4; lastKnownFileType = sourcecode.swift; path = ContainerView.swift; sourceTree = "<group>"; };
		77C225241CDC858C003DF5F0 /* UserModel.swift */ = {isa = PBXFileReference; fileEncoding = 4; lastKnownFileType = sourcecode.swift; path = UserModel.swift; sourceTree = "<group>"; };
		77C225261CDC8681003DF5F0 /* LoginCheck.swift */ = {isa = PBXFileReference; fileEncoding = 4; lastKnownFileType = sourcecode.swift; path = LoginCheck.swift; sourceTree = "<group>"; };
		77C75D741CCDEE4000D1A396 /* ContainerViewDataSource.swift */ = {isa = PBXFileReference; fileEncoding = 4; lastKnownFileType = sourcecode.swift; path = ContainerViewDataSource.swift; sourceTree = "<group>"; };
		77C75D8B1CCE0B0900D1A396 /* Category.swift */ = {isa = PBXFileReference; fileEncoding = 4; lastKnownFileType = sourcecode.swift; path = Category.swift; sourceTree = "<group>"; };
		77C75D8C1CCE0B0900D1A396 /* CustomField.swift */ = {isa = PBXFileReference; fileEncoding = 4; lastKnownFileType = sourcecode.swift; path = CustomField.swift; sourceTree = "<group>"; };
		77C75D8D1CCE0B0900D1A396 /* NewsModel.swift */ = {isa = PBXFileReference; fileEncoding = 4; lastKnownFileType = sourcecode.swift; path = NewsModel.swift; sourceTree = "<group>"; };
		77C75D8F1CCE0B0900D1A396 /* Tag.swift */ = {isa = PBXFileReference; fileEncoding = 4; lastKnownFileType = sourcecode.swift; path = Tag.swift; sourceTree = "<group>"; };
		77C75DA11CCE3DB500D1A396 /* ChannelConfig.plist */ = {isa = PBXFileReference; fileEncoding = 4; lastKnownFileType = text.plist.xml; name = ChannelConfig.plist; path = ../Ohter/ChannelConfig.plist; sourceTree = "<group>"; };
		77C75DA41CCE3EF000D1A396 /* ChannelModel.swift */ = {isa = PBXFileReference; fileEncoding = 4; lastKnownFileType = sourcecode.swift; path = ChannelModel.swift; sourceTree = "<group>"; };
		77C75DA81CCE51D400D1A396 /* AsynOperation.swift */ = {isa = PBXFileReference; fileEncoding = 4; lastKnownFileType = sourcecode.swift; path = AsynOperation.swift; sourceTree = "<group>"; };
		77C75DA91CCE51D400D1A396 /* JSONHandler.swift */ = {isa = PBXFileReference; fileEncoding = 4; lastKnownFileType = sourcecode.swift; path = JSONHandler.swift; sourceTree = "<group>"; };
		77C888DD1CE89B9C00BA6A7B /* DeviceCell.swift */ = {isa = PBXFileReference; fileEncoding = 4; lastKnownFileType = sourcecode.swift; path = DeviceCell.swift; sourceTree = "<group>"; };
		77C888DF1CE89C1700BA6A7B /* DeviceCellViewModel.swift */ = {isa = PBXFileReference; fileEncoding = 4; lastKnownFileType = sourcecode.swift; path = DeviceCellViewModel.swift; sourceTree = "<group>"; };
		77DC85261CCEFDA40020AF6B /* NewsCell.swift */ = {isa = PBXFileReference; fileEncoding = 4; lastKnownFileType = sourcecode.swift; path = NewsCell.swift; sourceTree = "<group>"; };
		77DC85281CCF02E60020AF6B /* Result.swift */ = {isa = PBXFileReference; fileEncoding = 4; lastKnownFileType = sourcecode.swift; path = Result.swift; sourceTree = "<group>"; };
		77DC85351CCF05720020AF6B /* ViewPresentable.swift */ = {isa = PBXFileReference; fileEncoding = 4; lastKnownFileType = sourcecode.swift; path = ViewPresentable.swift; sourceTree = "<group>"; };
		77DC85391CCF0CA70020AF6B /* NewCellViewModel.swift */ = {isa = PBXFileReference; fileEncoding = 4; lastKnownFileType = sourcecode.swift; path = NewCellViewModel.swift; sourceTree = "<group>"; };
		77FAB1D71CE9E97E00C5366F /* RegisterController.swift */ = {isa = PBXFileReference; fileEncoding = 4; lastKnownFileType = sourcecode.swift; path = RegisterController.swift; sourceTree = "<group>"; };
		9DCCE2BE5CA2CAAFB0ED136E /* Pods_____VR.framework */ = {isa = PBXFileReference; explicitFileType = wrapper.framework; includeInIndex = 0; path = "Pods_____VR.framework"; sourceTree = BUILT_PRODUCTS_DIR; };
		D7A77D67EA230552523C86F5 /* Pods-盗梦极客VR.release.xcconfig */ = {isa = PBXFileReference; includeInIndex = 1; lastKnownFileType = text.xcconfig; name = "Pods-盗梦极客VR.release.xcconfig"; path = "Pods/Target Support Files/Pods-盗梦极客VR/Pods-盗梦极客VR.release.xcconfig"; sourceTree = "<group>"; };
/* End PBXFileReference section */

/* Begin PBXFrameworksBuildPhase section */
		776274F31CC71EBB001B5793 /* Frameworks */ = {
			isa = PBXFrameworksBuildPhase;
			buildActionMask = 2147483647;
			files = (
				0BB8DA0B59FB70924EC07223 /* Pods_____VR.framework in Frameworks */,
			);
			runOnlyForDeploymentPostprocessing = 0;
		};
/* End PBXFrameworksBuildPhase section */

/* Begin PBXGroup section */
		500F18F1A4A196E9DA65025B /* Frameworks */ = {
			isa = PBXGroup;
			children = (
				4D3D58D6A7EE1074ECD4E855 /* Pods.framework */,
				9DCCE2BE5CA2CAAFB0ED136E /* Pods_____VR.framework */,
			);
			name = Frameworks;
			sourceTree = "<group>";
		};
		7703FA351CDF3624002DF803 /* Other */ = {
			isa = PBXGroup;
			children = (
			);
			path = Other;
			sourceTree = "<group>";
		};
		7703FA3A1CDF6A2D002DF803 /* StaticTableViewPresentable */ = {
			isa = PBXGroup;
			children = (
				7703FA3D1CDF6AAD002DF803 /* StaticTableViewPresentable.swift */,
				7703FA3F1CDF6AD2002DF803 /* CellModel.swift */,
				7703FA411CDF6E39002DF803 /* StaticCell.swift */,
			);
			path = StaticTableViewPresentable;
			sourceTree = "<group>";
		};
		771102691CD8D07B0081B953 /* CyclePictureView */ = {
			isa = PBXGroup;
			children = (
				7711026A1CD8D07B0081B953 /* AuxiliaryModels.swift */,
				7711026B1CD8D07B0081B953 /* CyclePictureCell.swift */,
				7711026C1CD8D07B0081B953 /* CyclePictureView.swift */,
			);
			path = CyclePictureView;
			sourceTree = "<group>";
		};
		77185C091CD063CD00525789 /* Resources */ = {
			isa = PBXGroup;
			children = (
				77C75DA11CCE3DB500D1A396 /* ChannelConfig.plist */,
				77185C0A1CD063D700525789 /* Details.css */,
			);
			path = Resources;
			sourceTree = "<group>";
		};
		774F5EB91CCB11C40087413F /* Other */ = {
			isa = PBXGroup;
			children = (
				774F5EBA1CCB12090087413F /* BBSURLConfig.swift */,
			);
			path = Other;
			sourceTree = "<group>";
		};
		7751148A1CC75C3A00BC6FB4 /* Classes */ = {
			isa = PBXGroup;
			children = (
				7751148D1CC75C3A00BC6FB4 /* Common(公共) */,
				775114941CC75C3A00BC6FB4 /* News( 首页) */,
				775114921CC75C3A00BC6FB4 /* Evaluation(评测) */,
				7751148B1CC75C3A00BC6FB4 /* BBS(论坛) */,
				775114961CC75C3A00BC6FB4 /* Profile(我) */,
			);
			path = Classes;
			sourceTree = "<group>";
		};
		7751148B1CC75C3A00BC6FB4 /* BBS(论坛) */ = {
			isa = PBXGroup;
			children = (
				776BE3691CD73F3600E58C18 /* View */,
				774F5EB91CCB11C40087413F /* Other */,
				7751148C1CC75C3A00BC6FB4 /* Controller */,
				7751149A1CC75C7D00BC6FB4 /* BBS.storyboard */,
			);
			path = "BBS(论坛)";
			sourceTree = "<group>";
		};
		7751148C1CC75C3A00BC6FB4 /* Controller */ = {
			isa = PBXGroup;
			children = (
				775114A21CC766BA00BC6FB4 /* BBSController.swift */,
			);
			path = Controller;
			sourceTree = "<group>";
		};
		7751148D1CC75C3A00BC6FB4 /* Common(公共) */ = {
			isa = PBXGroup;
			children = (
				776274FD1CC71EBB001B5793 /* Main.storyboard */,
				77185C091CD063CD00525789 /* Resources */,
				7751148E1CC75C3A00BC6FB4 /* Controller */,
				775114901CC75C3A00BC6FB4 /* Ohter */,
				77C75D971CCE175E00D1A396 /* Service */,
				77DC852F1CCF03C30020AF6B /* Util */,
			);
			path = "Common(公共)";
			sourceTree = "<group>";
		};
		7751148E1CC75C3A00BC6FB4 /* Controller */ = {
			isa = PBXGroup;
			children = (
				7751148F1CC75C3A00BC6FB4 /* TabBarController.swift */,
				77A6D9B71CD58E16003BFAA5 /* OtherLinkWebController.swift */,
				777CD0881D06FF06000088A6 /* NavigationController.swift */,
			);
			path = Controller;
			sourceTree = "<group>";
		};
		775114901CC75C3A00BC6FB4 /* Ohter */ = {
			isa = PBXGroup;
			children = (
				775114911CC75C3A00BC6FB4 /* AppDelegate.swift */,
				775114A41CC7C3DF00BC6FB4 /* 盗梦极客VR-Bridging-Header.h */,
			);
			path = Ohter;
			sourceTree = "<group>";
		};
		775114921CC75C3A00BC6FB4 /* Evaluation(评测) */ = {
			isa = PBXGroup;
			children = (
				775114931CC75C3A00BC6FB4 /* Controller */,
				7751149C1CC75C9300BC6FB4 /* Evaluation.storyboard */,
			);
			path = "Evaluation(评测)";
			sourceTree = "<group>";
		};
		775114931CC75C3A00BC6FB4 /* Controller */ = {
			isa = PBXGroup;
			children = (
			);
			path = Controller;
			sourceTree = "<group>";
		};
		775114941CC75C3A00BC6FB4 /* News( 首页) */ = {
			isa = PBXGroup;
			children = (
				77C75D8A1CCE0AFD00D1A396 /* Model */,
				77C75D731CCDEDED00D1A396 /* Other */,
				7761A1A61CCC741D004A6EBA /* Controller */,
				7761A1931CCC687A004A6EBA /* View */,
				7751149E1CC75C9D00BC6FB4 /* News.storyboard */,
			);
			name = "News( 首页)";
			path = "News( 资讯)";
			sourceTree = "<group>";
		};
		775114961CC75C3A00BC6FB4 /* Profile(我) */ = {
			isa = PBXGroup;
			children = (
				7703FA351CDF3624002DF803 /* Other */,
				77C225231CDC8581003DF5F0 /* Model */,
				777EBEB51CDB3D0E001A4BE4 /* View */,
				775114971CC75C3A00BC6FB4 /* Controller */,
				775114A01CC75CA900BC6FB4 /* Profile.storyboard */,
			);
			path = "Profile(我)";
			sourceTree = "<group>";
		};
		775114971CC75C3A00BC6FB4 /* Controller */ = {
			isa = PBXGroup;
			children = (
				777EBEB61CDB3DBD001A4BE4 /* ProfileController.swift */,
				777EBEBC1CDB800C001A4BE4 /* LoginController.swift */,
				77FAB1D71CE9E97E00C5366F /* RegisterController.swift */,
			);
			path = Controller;
			sourceTree = "<group>";
		};
		7761A1931CCC687A004A6EBA /* View */ = {
			isa = PBXGroup;
			children = (
				771102691CD8D07B0081B953 /* CyclePictureView */,
				7761A1A91CCC983A004A6EBA /* ChannelScrollView.swift */,
				7761A1B11CCCFF43004A6EBA /* ChannelLabel.swift */,
				77BA12581CCD9FBA002C18AC /* ContainerView.swift */,
				77DC85261CCEFDA40020AF6B /* NewsCell.swift */,
				775319BF1D069C9F00E0DC3C /* TaxonomyScrollView.swift */,
				771EF7D31CE35B0D008956C0 /* ReplyCell.swift */,
				77C888DD1CE89B9C00BA6A7B /* DeviceCell.swift */,
				774B27981D09042B00B8A2CB /* CoreTextView.swift */,
			);
			path = View;
			sourceTree = "<group>";
		};
		7761A1A61CCC741D004A6EBA /* Controller */ = {
			isa = PBXGroup;
			children = (
				7761A1A71CCC7439004A6EBA /* ContainerController.swift */,
				7761A1AF1CCCF95B004A6EBA /* NewsListController.swift */,
				77737E451CCFABEB0071794E /* NewsDetailController.swift */,
				773B8CF81CE4A64C004077F6 /* ReplyController.swift */,
				775319C11D069E5F00E0DC3C /* SearchController.swift */,
			);
			path = Controller;
			sourceTree = "<group>";
		};
		776274ED1CC71EBB001B5793 = {
			isa = PBXGroup;
			children = (
				776274F81CC71EBB001B5793 /* 盗梦极客VR */,
				776274F71CC71EBB001B5793 /* Products */,
				500F18F1A4A196E9DA65025B /* Frameworks */,
				D24CCC9ADEC2CDFE941CB452 /* Pods */,
			);
			sourceTree = "<group>";
		};
		776274F71CC71EBB001B5793 /* Products */ = {
			isa = PBXGroup;
			children = (
				776274F61CC71EBB001B5793 /* 盗梦极客VR.app */,
			);
			name = Products;
			sourceTree = "<group>";
		};
		776274F81CC71EBB001B5793 /* 盗梦极客VR */ = {
			isa = PBXGroup;
			children = (
				7751148A1CC75C3A00BC6FB4 /* Classes */,
				776275001CC71EBB001B5793 /* Assets.xcassets */,
				776275021CC71EBB001B5793 /* LaunchScreen.storyboard */,
				776275051CC71EBB001B5793 /* Info.plist */,
			);
			path = "盗梦极客VR";
			sourceTree = "<group>";
		};
		776BE3691CD73F3600E58C18 /* View */ = {
			isa = PBXGroup;
			children = (
			);
			path = View;
			sourceTree = "<group>";
		};
		777EBEB51CDB3D0E001A4BE4 /* View */ = {
			isa = PBXGroup;
			children = (
			);
			path = View;
			sourceTree = "<group>";
		};
		77C225231CDC8581003DF5F0 /* Model */ = {
			isa = PBXGroup;
			children = (
				77C225241CDC858C003DF5F0 /* UserModel.swift */,
				770102021D01838B00A1DEEE /* OauthInfo.swift */,
			);
			path = Model;
			sourceTree = "<group>";
		};
		77C75D731CCDEDED00D1A396 /* Other */ = {
			isa = PBXGroup;
			children = (
				77C75D741CCDEE4000D1A396 /* ContainerViewDataSource.swift */,
				77DC85391CCF0CA70020AF6B /* NewCellViewModel.swift */,
				771EF7D51CE35BDF008956C0 /* ReplyCellViewModel.swift */,
				77C888DF1CE89C1700BA6A7B /* DeviceCellViewModel.swift */,
				777CD0861D06C8F2000088A6 /* DetailVcJumpable.swift */,
			);
			path = Other;
			sourceTree = "<group>";
		};
		77C75D8A1CCE0AFD00D1A396 /* Model */ = {
			isa = PBXGroup;
			children = (
				77C75D8B1CCE0B0900D1A396 /* Category.swift */,
				77C75D8C1CCE0B0900D1A396 /* CustomField.swift */,
				77C75D8D1CCE0B0900D1A396 /* NewsModel.swift */,
				77C75D8F1CCE0B0900D1A396 /* Tag.swift */,
				77C75DA41CCE3EF000D1A396 /* ChannelModel.swift */,
				771EF7C91CE2CBE5008956C0 /* BBSInfo.swift */,
				771EF7CD1CE2CC1F008956C0 /* Participant.swift */,
				771EF7D11CE2D15B008956C0 /* Post.swift */,
				7701A6211CF83EE4003213CD /* TaxonomyPlatformsDevice.swift */,
				7701A6231CF84017003213CD /* TaxonomyVideo.swift */,
			);
			path = Model;
			sourceTree = "<group>";
		};
		77C75D971CCE175E00D1A396 /* Service */ = {
			isa = PBXGroup;
			children = (
				77DC85281CCF02E60020AF6B /* Result.swift */,
				77C75DA81CCE51D400D1A396 /* AsynOperation.swift */,
				77C75DA91CCE51D400D1A396 /* JSONHandler.swift */,
				77C225261CDC8681003DF5F0 /* LoginCheck.swift */,
				772F7DF61CEAA2D800C1E1D6 /* RegisterCheck.swift */,
				771027B81D0C14D50032F052 /* CommonCategory.swift */,
				7703FA3A1CDF6A2D002DF803 /* StaticTableViewPresentable */,
			);
			path = Service;
			sourceTree = "<group>";
		};
		77DC852F1CCF03C30020AF6B /* Util */ = {
			isa = PBXGroup;
			children = (
				77DC85351CCF05720020AF6B /* ViewPresentable.swift */,
				77185C0E1CD0FC7300525789 /* MBProgressHUD+Extension.swift */,
				77A6D9B51CD4A958003BFAA5 /* ShareTool.swift */,
				771EF7C71CE18238008956C0 /* UserManager.swift */,
				771EF7D71CE36356008956C0 /* RegexHelper.swift */,
			);
			path = Util;
			sourceTree = "<group>";
		};
		D24CCC9ADEC2CDFE941CB452 /* Pods */ = {
			isa = PBXGroup;
			children = (
				1B5F316317EDD5A694E87B85 /* Pods-盗梦极客VR.debug.xcconfig */,
				D7A77D67EA230552523C86F5 /* Pods-盗梦极客VR.release.xcconfig */,
			);
			name = Pods;
			sourceTree = "<group>";
		};
/* End PBXGroup section */

/* Begin PBXNativeTarget section */
		776274F51CC71EBB001B5793 /* 盗梦极客VR */ = {
			isa = PBXNativeTarget;
			buildConfigurationList = 776275081CC71EBB001B5793 /* Build configuration list for PBXNativeTarget "盗梦极客VR" */;
			buildPhases = (
				F71E10CE5643C1195EDD9088 /* [CP] Check Pods Manifest.lock */,
				776274F21CC71EBB001B5793 /* Sources */,
				776274F31CC71EBB001B5793 /* Frameworks */,
				776274F41CC71EBB001B5793 /* Resources */,
				BC16D2899741374BFF3D07DD /* [CP] Embed Pods Frameworks */,
				F101B02A6268403F2A4F8FDB /* [CP] Copy Pods Resources */,
			);
			buildRules = (
			);
			dependencies = (
			);
			name = "盗梦极客VR";
			productName = "盗梦极客VR";
			productReference = 776274F61CC71EBB001B5793 /* 盗梦极客VR.app */;
			productType = "com.apple.product-type.application";
		};
/* End PBXNativeTarget section */

/* Begin PBXProject section */
		776274EE1CC71EBB001B5793 /* Project object */ = {
			isa = PBXProject;
			attributes = {
				LastSwiftUpdateCheck = 0730;
				LastUpgradeCheck = 0730;
				ORGANIZATIONNAME = wl;
				TargetAttributes = {
					776274F51CC71EBB001B5793 = {
						CreatedOnToolsVersion = 7.3;
						DevelopmentTeam = 3D6UKL8G2J;
					};
				};
			};
			buildConfigurationList = 776274F11CC71EBB001B5793 /* Build configuration list for PBXProject "盗梦极客VR" */;
			compatibilityVersion = "Xcode 3.2";
			developmentRegion = English;
			hasScannedForEncodings = 0;
			knownRegions = (
				en,
				Base,
			);
			mainGroup = 776274ED1CC71EBB001B5793;
			productRefGroup = 776274F71CC71EBB001B5793 /* Products */;
			projectDirPath = "";
			projectRoot = "";
			targets = (
				776274F51CC71EBB001B5793 /* 盗梦极客VR */,
			);
		};
/* End PBXProject section */

/* Begin PBXResourcesBuildPhase section */
		776274F41CC71EBB001B5793 /* Resources */ = {
			isa = PBXResourcesBuildPhase;
			buildActionMask = 2147483647;
			files = (
				77185C0B1CD063D700525789 /* Details.css in Resources */,
				7751149D1CC75C9300BC6FB4 /* Evaluation.storyboard in Resources */,
				7751149F1CC75C9D00BC6FB4 /* News.storyboard in Resources */,
				7751149B1CC75C7D00BC6FB4 /* BBS.storyboard in Resources */,
				776275041CC71EBB001B5793 /* LaunchScreen.storyboard in Resources */,
				77C75DA21CCE3DB500D1A396 /* ChannelConfig.plist in Resources */,
				776275011CC71EBB001B5793 /* Assets.xcassets in Resources */,
				775114A11CC75CA900BC6FB4 /* Profile.storyboard in Resources */,
				776274FF1CC71EBB001B5793 /* Main.storyboard in Resources */,
			);
			runOnlyForDeploymentPostprocessing = 0;
		};
/* End PBXResourcesBuildPhase section */

/* Begin PBXShellScriptBuildPhase section */
		BC16D2899741374BFF3D07DD /* [CP] Embed Pods Frameworks */ = {
			isa = PBXShellScriptBuildPhase;
			buildActionMask = 2147483647;
			files = (
			);
			inputPaths = (
			);
			name = "[CP] Embed Pods Frameworks";
			outputPaths = (
			);
			runOnlyForDeploymentPostprocessing = 0;
			shellPath = /bin/sh;
			shellScript = "\"${SRCROOT}/Pods/Target Support Files/Pods-盗梦极客VR/Pods-盗梦极客VR-frameworks.sh\"\n";
			showEnvVarsInLog = 0;
		};
		F101B02A6268403F2A4F8FDB /* [CP] Copy Pods Resources */ = {
			isa = PBXShellScriptBuildPhase;
			buildActionMask = 2147483647;
			files = (
			);
			inputPaths = (
			);
			name = "[CP] Copy Pods Resources";
			outputPaths = (
			);
			runOnlyForDeploymentPostprocessing = 0;
			shellPath = /bin/sh;
			shellScript = "\"${SRCROOT}/Pods/Target Support Files/Pods-盗梦极客VR/Pods-盗梦极客VR-resources.sh\"\n";
			showEnvVarsInLog = 0;
		};
		F71E10CE5643C1195EDD9088 /* [CP] Check Pods Manifest.lock */ = {
			isa = PBXShellScriptBuildPhase;
			buildActionMask = 2147483647;
			files = (
			);
			inputPaths = (
			);
			name = "[CP] Check Pods Manifest.lock";
			outputPaths = (
			);
			runOnlyForDeploymentPostprocessing = 0;
			shellPath = /bin/sh;
			shellScript = "diff \"${PODS_ROOT}/../Podfile.lock\" \"${PODS_ROOT}/Manifest.lock\" > /dev/null\nif [[ $? != 0 ]] ; then\n    cat << EOM\nerror: The sandbox is not in sync with the Podfile.lock. Run 'pod install' or update your CocoaPods installation.\nEOM\n    exit 1\nfi\n";
			showEnvVarsInLog = 0;
		};
/* End PBXShellScriptBuildPhase section */

/* Begin PBXSourcesBuildPhase section */
		776274F21CC71EBB001B5793 /* Sources */ = {
			isa = PBXSourcesBuildPhase;
			buildActionMask = 2147483647;
			files = (
				775114991CC75C3A00BC6FB4 /* AppDelegate.swift in Sources */,
				77737E461CCFABEB0071794E /* NewsDetailController.swift in Sources */,
				77C225271CDC8681003DF5F0 /* LoginCheck.swift in Sources */,
				771EF7D61CE35BDF008956C0 /* ReplyCellViewModel.swift in Sources */,
				770102031D01838B00A1DEEE /* OauthInfo.swift in Sources */,
				77C888E01CE89C1700BA6A7B /* DeviceCellViewModel.swift in Sources */,
				77DC85361CCF05720020AF6B /* ViewPresentable.swift in Sources */,
				7711026E1CD8D07B0081B953 /* CyclePictureCell.swift in Sources */,
				7711026F1CD8D07B0081B953 /* CyclePictureView.swift in Sources */,
				77A6D9B81CD58E16003BFAA5 /* OtherLinkWebController.swift in Sources */,
				77C75D751CCDEE4000D1A396 /* ContainerViewDataSource.swift in Sources */,
				771EF7D81CE36356008956C0 /* RegexHelper.swift in Sources */,
				774F5EBB1CCB12090087413F /* BBSURLConfig.swift in Sources */,
				77185C0F1CD0FC7300525789 /* MBProgressHUD+Extension.swift in Sources */,
				77FAB1D81CE9E97E00C5366F /* RegisterController.swift in Sources */,
				771EF7D41CE35B0D008956C0 /* ReplyCell.swift in Sources */,
				7703FA421CDF6E39002DF803 /* StaticCell.swift in Sources */,
				77C75D911CCE0B0900D1A396 /* CustomField.swift in Sources */,
				77DC853A1CCF0CA70020AF6B /* NewCellViewModel.swift in Sources */,
				773B8CF91CE4A64C004077F6 /* ReplyController.swift in Sources */,
				775319C01D069C9F00E0DC3C /* TaxonomyScrollView.swift in Sources */,
				77C75DAB1CCE51D400D1A396 /* JSONHandler.swift in Sources */,
				777CD0891D06FF06000088A6 /* NavigationController.swift in Sources */,
				7711026D1CD8D07B0081B953 /* AuxiliaryModels.swift in Sources */,
				777CD0871D06C8F2000088A6 /* DetailVcJumpable.swift in Sources */,
				77C75D921CCE0B0900D1A396 /* NewsModel.swift in Sources */,
				77DC85291CCF02E60020AF6B /* Result.swift in Sources */,
				771EF7CE1CE2CC1F008956C0 /* Participant.swift in Sources */,
				77BA12591CCD9FBA002C18AC /* ContainerView.swift in Sources */,
				77C888DE1CE89B9C00BA6A7B /* DeviceCell.swift in Sources */,
				771EF7D21CE2D15B008956C0 /* Post.swift in Sources */,
				771EF7C81CE18238008956C0 /* UserManager.swift in Sources */,
				7703FA401CDF6AD2002DF803 /* CellModel.swift in Sources */,
				77C75DA51CCE3EF000D1A396 /* ChannelModel.swift in Sources */,
				775114A31CC766BA00BC6FB4 /* BBSController.swift in Sources */,
				7703FA3E1CDF6AAD002DF803 /* StaticTableViewPresentable.swift in Sources */,
				7761A1AA1CCC983A004A6EBA /* ChannelScrollView.swift in Sources */,
				772F7DF71CEAA2D800C1E1D6 /* RegisterCheck.swift in Sources */,
				774B27991D09042B00B8A2CB /* CoreTextView.swift in Sources */,
				777EBEBD1CDB800C001A4BE4 /* LoginController.swift in Sources */,
				771EF7CA1CE2CBE5008956C0 /* BBSInfo.swift in Sources */,
				77C225251CDC858C003DF5F0 /* UserModel.swift in Sources */,
				77DC85271CCEFDA40020AF6B /* NewsCell.swift in Sources */,
				777EBEB71CDB3DBD001A4BE4 /* ProfileController.swift in Sources */,
				7761A1B01CCCF95B004A6EBA /* NewsListController.swift in Sources */,
				77C75DAA1CCE51D400D1A396 /* AsynOperation.swift in Sources */,
				7761A1A81CCC7439004A6EBA /* ContainerController.swift in Sources */,
				7761A1B21CCCFF43004A6EBA /* ChannelLabel.swift in Sources */,
				7701A6241CF84017003213CD /* TaxonomyVideo.swift in Sources */,
				77A6D9B61CD4A958003BFAA5 /* ShareTool.swift in Sources */,
				775319C21D069E5F00E0DC3C /* SearchController.swift in Sources */,
				77C75D941CCE0B0900D1A396 /* Tag.swift in Sources */,
				775114981CC75C3A00BC6FB4 /* TabBarController.swift in Sources */,
				7701A6221CF83EE4003213CD /* TaxonomyPlatformsDevice.swift in Sources */,
				77C75D901CCE0B0900D1A396 /* Category.swift in Sources */,
				771027B91D0C14D50032F052 /* CommonCategory.swift in Sources */,
			);
			runOnlyForDeploymentPostprocessing = 0;
		};
/* End PBXSourcesBuildPhase section */

/* Begin PBXVariantGroup section */
		776274FD1CC71EBB001B5793 /* Main.storyboard */ = {
			isa = PBXVariantGroup;
			children = (
				776274FE1CC71EBB001B5793 /* Base */,
			);
			name = Main.storyboard;
			path = ../..;
			sourceTree = "<group>";
		};
		776275021CC71EBB001B5793 /* LaunchScreen.storyboard */ = {
			isa = PBXVariantGroup;
			children = (
				776275031CC71EBB001B5793 /* Base */,
			);
			name = LaunchScreen.storyboard;
			sourceTree = "<group>";
		};
/* End PBXVariantGroup section */

/* Begin XCBuildConfiguration section */
		776275061CC71EBB001B5793 /* Debug */ = {
			isa = XCBuildConfiguration;
			buildSettings = {
				ALWAYS_SEARCH_USER_PATHS = NO;
				CLANG_ANALYZER_NONNULL = YES;
				CLANG_CXX_LANGUAGE_STANDARD = "gnu++0x";
				CLANG_CXX_LIBRARY = "libc++";
				CLANG_ENABLE_MODULES = YES;
				CLANG_ENABLE_OBJC_ARC = YES;
				CLANG_WARN_BOOL_CONVERSION = YES;
				CLANG_WARN_CONSTANT_CONVERSION = YES;
				CLANG_WARN_DIRECT_OBJC_ISA_USAGE = YES_ERROR;
				CLANG_WARN_EMPTY_BODY = YES;
				CLANG_WARN_ENUM_CONVERSION = YES;
				CLANG_WARN_INT_CONVERSION = YES;
				CLANG_WARN_OBJC_ROOT_CLASS = YES_ERROR;
				CLANG_WARN_UNREACHABLE_CODE = YES;
				CLANG_WARN__DUPLICATE_METHOD_MATCH = YES;
				"CODE_SIGN_IDENTITY[sdk=iphoneos*]" = "iPhone Developer";
				COPY_PHASE_STRIP = NO;
				DEBUG_INFORMATION_FORMAT = dwarf;
				ENABLE_STRICT_OBJC_MSGSEND = YES;
				ENABLE_TESTABILITY = YES;
				GCC_C_LANGUAGE_STANDARD = gnu99;
				GCC_DYNAMIC_NO_PIC = NO;
				GCC_NO_COMMON_BLOCKS = YES;
				GCC_OPTIMIZATION_LEVEL = 0;
				GCC_PREPROCESSOR_DEFINITIONS = (
					"DEBUG=1",
					"$(inherited)",
				);
				GCC_WARN_64_TO_32_BIT_CONVERSION = YES;
				GCC_WARN_ABOUT_RETURN_TYPE = YES_ERROR;
				GCC_WARN_UNDECLARED_SELECTOR = YES;
				GCC_WARN_UNINITIALIZED_AUTOS = YES_AGGRESSIVE;
				GCC_WARN_UNUSED_FUNCTION = YES;
				GCC_WARN_UNUSED_VARIABLE = YES;
				IPHONEOS_DEPLOYMENT_TARGET = 9.3;
				MTL_ENABLE_DEBUG_INFO = YES;
				ONLY_ACTIVE_ARCH = YES;
				PROVISIONING_PROFILE = "1319823e-2944-4945-a8af-ec34cf2e8f72";
				SDKROOT = iphoneos;
				SWIFT_OPTIMIZATION_LEVEL = "-Onone";
			};
			name = Debug;
		};
		776275071CC71EBB001B5793 /* Release */ = {
			isa = XCBuildConfiguration;
			buildSettings = {
				ALWAYS_SEARCH_USER_PATHS = NO;
				CLANG_ANALYZER_NONNULL = YES;
				CLANG_CXX_LANGUAGE_STANDARD = "gnu++0x";
				CLANG_CXX_LIBRARY = "libc++";
				CLANG_ENABLE_MODULES = YES;
				CLANG_ENABLE_OBJC_ARC = YES;
				CLANG_WARN_BOOL_CONVERSION = YES;
				CLANG_WARN_CONSTANT_CONVERSION = YES;
				CLANG_WARN_DIRECT_OBJC_ISA_USAGE = YES_ERROR;
				CLANG_WARN_EMPTY_BODY = YES;
				CLANG_WARN_ENUM_CONVERSION = YES;
				CLANG_WARN_INT_CONVERSION = YES;
				CLANG_WARN_OBJC_ROOT_CLASS = YES_ERROR;
				CLANG_WARN_UNREACHABLE_CODE = YES;
				CLANG_WARN__DUPLICATE_METHOD_MATCH = YES;
				"CODE_SIGN_IDENTITY[sdk=iphoneos*]" = "iPhone Developer";
				COPY_PHASE_STRIP = NO;
				DEBUG_INFORMATION_FORMAT = "dwarf-with-dsym";
				ENABLE_NS_ASSERTIONS = NO;
				ENABLE_STRICT_OBJC_MSGSEND = YES;
				GCC_C_LANGUAGE_STANDARD = gnu99;
				GCC_NO_COMMON_BLOCKS = YES;
				GCC_WARN_64_TO_32_BIT_CONVERSION = YES;
				GCC_WARN_ABOUT_RETURN_TYPE = YES_ERROR;
				GCC_WARN_UNDECLARED_SELECTOR = YES;
				GCC_WARN_UNINITIALIZED_AUTOS = YES_AGGRESSIVE;
				GCC_WARN_UNUSED_FUNCTION = YES;
				GCC_WARN_UNUSED_VARIABLE = YES;
				IPHONEOS_DEPLOYMENT_TARGET = 9.3;
				MTL_ENABLE_DEBUG_INFO = NO;
				PROVISIONING_PROFILE = "1319823e-2944-4945-a8af-ec34cf2e8f72";
				SDKROOT = iphoneos;
				VALIDATE_PRODUCT = YES;
			};
			name = Release;
		};
		776275091CC71EBB001B5793 /* Debug */ = {
			isa = XCBuildConfiguration;
			baseConfigurationReference = 1B5F316317EDD5A694E87B85 /* Pods-盗梦极客VR.debug.xcconfig */;
			buildSettings = {
				ASSETCATALOG_COMPILER_APPICON_NAME = AppIcon;
				CLANG_ENABLE_MODULES = YES;
				CODE_SIGN_IDENTITY = "iPhone Developer";
				"CODE_SIGN_IDENTITY[sdk=iphoneos*]" = "iPhone Developer";
				ENABLE_BITCODE = NO;
				INFOPLIST_FILE = "盗梦极客VR/Info.plist";
				IPHONEOS_DEPLOYMENT_TARGET = 8.0;
				LD_RUNPATH_SEARCH_PATHS = "$(inherited) @executable_path/Frameworks";
				OTHER_LDFLAGS = (
					"$(inherited)",
					"-l\"APOpenSdk\"",
					"-l\"LWApiSDK\"",
					"-l\"SocialAlipayShare\"",
					"-l\"SocialFacebook\"",
					"-l\"SocialInstagram\"",
					"-l\"SocialLaiWang\"",
					"-l\"SocialLine\"",
					"-l\"SocialQQ\"",
					"-l\"SocialSinaSSO\"",
					"-l\"SocialTumblr\"",
					"-l\"SocialTwitter\"",
					"-l\"SocialWechat\"",
					"-l\"SocialWhatsapp\"",
					"-l\"WeChatSDK\"",
					"-l\"WeiboSDK\"",
					"-l\"iconv\"",
					"-l\"sqlite3\"",
					"-l\"stdc++\"",
					"-l\"z\"",
					"-framework",
					"\"Accounts\"",
					"-framework",
					"\"Alamofire\"",
					"-framework",
					"\"CoreData\"",
					"-framework",
					"\"CoreGraphics\"",
					"-framework",
					"\"CoreTelephony\"",
					"-framework",
					"\"FBSDKCoreKit\"",
					"-framework",
					"\"FBSDKLoginKit\"",
					"-framework",
					"\"FBSDKShareKit\"",
					"-framework",
					"\"Fabric\"",
					"-framework",
					"\"ImageIO\"",
					"-framework",
					"\"MBProgressHUD\"",
					"-framework",
					"\"MJRefresh\"",
					"-framework",
					"\"MobileCoreServices\"",
					"-framework",
					"\"SDWebImage\"",
					"-framework",
					"\"SnapKit\"",
					"-framework",
					"\"Social\"",
					"-framework",
					"\"SwiftyJSON\"",
					"-framework",
					"\"SystemConfiguration\"",
					"-framework",
					"\"TencentOpenAPI\"",
					"-framework",
					"\"TwitterCore\"",
					"-framework",
					"\"TwitterKit\"",
					"-all_load",
				);
				OTHER_SWIFT_FLAGS = "$(inherited) \"-D\" \"COCOAPODS\" -D DEBUG";
				PRODUCT_BUNDLE_IDENTIFIER = com.dmgeek.siteios;
				PRODUCT_NAME = "$(TARGET_NAME)";
				PROVISIONING_PROFILE = "";
				SWIFT_OBJC_BRIDGING_HEADER = "盗梦极客VR/Classes/Common(公共)/Ohter/盗梦极客VR-Bridging-Header.h";
				SWIFT_OPTIMIZATION_LEVEL = "-Onone";
			};
			name = Debug;
		};
		7762750A1CC71EBB001B5793 /* Release */ = {
			isa = XCBuildConfiguration;
			baseConfigurationReference = D7A77D67EA230552523C86F5 /* Pods-盗梦极客VR.release.xcconfig */;
			buildSettings = {
				ASSETCATALOG_COMPILER_APPICON_NAME = AppIcon;
				CLANG_ENABLE_MODULES = YES;
				CODE_SIGN_IDENTITY = "iPhone Developer";
				"CODE_SIGN_IDENTITY[sdk=iphoneos*]" = "iPhone Developer";
				ENABLE_BITCODE = NO;
				INFOPLIST_FILE = "盗梦极客VR/Info.plist";
				IPHONEOS_DEPLOYMENT_TARGET = 8.0;
				LD_RUNPATH_SEARCH_PATHS = "$(inherited) @executable_path/Frameworks";
				OTHER_LDFLAGS = (
					"$(inherited)",
					"-l\"APOpenSdk\"",
					"-l\"LWApiSDK\"",
					"-l\"SocialAlipayShare\"",
					"-l\"SocialFacebook\"",
					"-l\"SocialInstagram\"",
					"-l\"SocialLaiWang\"",
					"-l\"SocialLine\"",
					"-l\"SocialQQ\"",
					"-l\"SocialSinaSSO\"",
					"-l\"SocialTumblr\"",
					"-l\"SocialTwitter\"",
					"-l\"SocialWechat\"",
					"-l\"SocialWhatsapp\"",
					"-l\"WeChatSDK\"",
					"-l\"WeiboSDK\"",
					"-l\"iconv\"",
					"-l\"sqlite3\"",
					"-l\"stdc++\"",
					"-l\"z\"",
					"-framework",
					"\"Accounts\"",
					"-framework",
					"\"Alamofire\"",
					"-framework",
					"\"CoreData\"",
					"-framework",
					"\"CoreGraphics\"",
					"-framework",
					"\"CoreTelephony\"",
					"-framework",
					"\"FBSDKCoreKit\"",
					"-framework",
					"\"FBSDKLoginKit\"",
					"-framework",
					"\"FBSDKShareKit\"",
					"-framework",
					"\"Fabric\"",
					"-framework",
					"\"ImageIO\"",
					"-framework",
					"\"MBProgressHUD\"",
					"-framework",
					"\"MJRefresh\"",
					"-framework",
					"\"MobileCoreServices\"",
					"-framework",
					"\"SDWebImage\"",
					"-framework",
					"\"SnapKit\"",
					"-framework",
					"\"Social\"",
					"-framework",
					"\"SwiftyJSON\"",
					"-framework",
					"\"SystemConfiguration\"",
					"-framework",
					"\"TencentOpenAPI\"",
					"-framework",
					"\"TwitterCore\"",
					"-framework",
					"\"TwitterKit\"",
					"-all_load",
				);
				OTHER_SWIFT_FLAGS = "$(inherited) \"-D\" \"COCOAPODS\" -D DEBUG";
				PRODUCT_BUNDLE_IDENTIFIER = com.dmgeek.siteios;
				PRODUCT_NAME = "$(TARGET_NAME)";
				PROVISIONING_PROFILE = "";
				SWIFT_OBJC_BRIDGING_HEADER = "盗梦极客VR/Classes/Common(公共)/Ohter/盗梦极客VR-Bridging-Header.h";
			};
			name = Release;
		};
/* End XCBuildConfiguration section */

/* Begin XCConfigurationList section */
		776274F11CC71EBB001B5793 /* Build configuration list for PBXProject "盗梦极客VR" */ = {
			isa = XCConfigurationList;
			buildConfigurations = (
				776275061CC71EBB001B5793 /* Debug */,
				776275071CC71EBB001B5793 /* Release */,
			);
			defaultConfigurationIsVisible = 0;
			defaultConfigurationName = Release;
		};
		776275081CC71EBB001B5793 /* Build configuration list for PBXNativeTarget "盗梦极客VR" */ = {
			isa = XCConfigurationList;
			buildConfigurations = (
				776275091CC71EBB001B5793 /* Debug */,
				7762750A1CC71EBB001B5793 /* Release */,
			);
			defaultConfigurationIsVisible = 0;
			defaultConfigurationName = Release;
		};
/* End XCConfigurationList section */
	};
	rootObject = 776274EE1CC71EBB001B5793 /* Project object */;
}
