// !$*UTF8*$!
{
	archiveVersion = 1;
	classes = {
	};
	objectVersion = 46;
	objects = {

/* Begin PBXBuildFile section */
		776274FA1CC71EBB001B5793 /* AppDelegate.swift in Sources */ = {isa = PBXBuildFile; fileRef = 776274F91CC71EBB001B5793 /* AppDelegate.swift */; };
		776274FC1CC71EBB001B5793 /* ViewController.swift in Sources */ = {isa = PBXBuildFile; fileRef = 776274FB1CC71EBB001B5793 /* ViewController.swift */; };
		776274FF1CC71EBB001B5793 /* Main.storyboard in Resources */ = {isa = PBXBuildFile; fileRef = 776274FD1CC71EBB001B5793 /* Main.storyboard */; };
		776275011CC71EBB001B5793 /* Assets.xcassets in Resources */ = {isa = PBXBuildFile; fileRef = 776275001CC71EBB001B5793 /* Assets.xcassets */; };
		776275041CC71EBB001B5793 /* LaunchScreen.storyboard in Resources */ = {isa = PBXBuildFile; fileRef = 776275021CC71EBB001B5793 /* LaunchScreen.storyboard */; };
/* End PBXBuildFile section */

/* Begin PBXFileReference section */
		776274F61CC71EBB001B5793 /* 盗梦极客VR.app */ = {isa = PBXFileReference; explicitFileType = wrapper.application; includeInIndex = 0; path = "盗梦极客VR.app"; sourceTree = BUILT_PRODUCTS_DIR; };
		776274F91CC71EBB001B5793 /* AppDelegate.swift */ = {isa = PBXFileReference; lastKnownFileType = sourcecode.swift; path = AppDelegate.swift; sourceTree = "<group>"; };
		776274FB1CC71EBB001B5793 /* ViewController.swift */ = {isa = PBXFileReference; lastKnownFileType = sourcecode.swift; path = ViewController.swift; sourceTree = "<group>"; };
		776274FE1CC71EBB001B5793 /* Base */ = {isa = PBXFileReference; lastKnownFileType = file.storyboard; name = Base; path = Base.lproj/Main.storyboard; sourceTree = "<group>"; };
		776275001CC71EBB001B5793 /* Assets.xcassets */ = {isa = PBXFileReference; lastKnownFileType = folder.assetcatalog; path = Assets.xcassets; sourceTree = "<group>"; };
		776275031CC71EBB001B5793 /* Base */ = {isa = PBXFileReference; lastKnownFileType = file.storyboard; name = Base; path = Base.lproj/LaunchScreen.storyboard; sourceTree = "<group>"; };
		776275051CC71EBB001B5793 /* Info.plist */ = {isa = PBXFileReference; lastKnownFileType = text.plist.xml; path = Info.plist; sourceTree = "<group>"; };
/* End PBXFileReference section */

/* Begin PBXFrameworksBuildPhase section */
		776274F31CC71EBB001B5793 /* Frameworks */ = {
			isa = PBXFrameworksBuildPhase;
			buildActionMask = 2147483647;
			files = (
			);
			runOnlyForDeploymentPostprocessing = 0;
		};
/* End PBXFrameworksBuildPhase section */

/* Begin PBXGroup section */
		776274ED1CC71EBB001B5793 = {
			isa = PBXGroup;
			children = (
				776274F81CC71EBB001B5793 /* 盗梦极客VR */,
				776274F71CC71EBB001B5793 /* Products */,
			);
			sourceTree = "<group>";
		};
		776274F71CC71EBB001B5793 /* Products */ = {
			isa = PBXGroup;
			children = (
				776274F61CC71EBB001B5793 /* 盗梦极客VR.app */,
			);
			name = Products;
			sourceTree = "<group>";
		};
		776274F81CC71EBB001B5793 /* 盗梦极客VR */ = {
			isa = PBXGroup;
			children = (
				776274F91CC71EBB001B5793 /* AppDelegate.swift */,
				776274FB1CC71EBB001B5793 /* ViewController.swift */,
				776274FD1CC71EBB001B5793 /* Main.storyboard */,
				776275001CC71EBB001B5793 /* Assets.xcassets */,
				776275021CC71EBB001B5793 /* LaunchScreen.storyboard */,
				776275051CC71EBB001B5793 /* Info.plist */,
			);
			path = "盗梦极客VR";
			sourceTree = "<group>";
		};
/* End PBXGroup section */

/* Begin PBXNativeTarget section */
		776274F51CC71EBB001B5793 /* 盗梦极客VR */ = {
			isa = PBXNativeTarget;
			buildConfigurationList = 776275081CC71EBB001B5793 /* Build configuration list for PBXNativeTarget "盗梦极客VR" */;
			buildPhases = (
				776274F21CC71EBB001B5793 /* Sources */,
				776274F31CC71EBB001B5793 /* Frameworks */,
				776274F41CC71EBB001B5793 /* Resources */,
			);
			buildRules = (
			);
			dependencies = (
			);
			name = "盗梦极客VR";
			productName = "盗梦极客VR";
			productReference = 776274F61CC71EBB001B5793 /* 盗梦极客VR.app */;
			productType = "com.apple.product-type.application";
		};
/* End PBXNativeTarget section */

/* Begin PBXProject section */
		776274EE1CC71EBB001B5793 /* Project object */ = {
			isa = PBXProject;
			attributes = {
				LastSwiftUpdateCheck = 0730;
				LastUpgradeCheck = 0730;
				ORGANIZATIONNAME = wl;
				TargetAttributes = {
					776274F51CC71EBB001B5793 = {
						CreatedOnToolsVersion = 7.3;
						DevelopmentTeam = NLUGDBP35M;
					};
				};
			};
			buildConfigurationList = 776274F11CC71EBB001B5793 /* Build configuration list for PBXProject "盗梦极客VR" */;
			compatibilityVersion = "Xcode 3.2";
			developmentRegion = English;
			hasScannedForEncodings = 0;
			knownRegions = (
				en,
				Base,
			);
			mainGroup = 776274ED1CC71EBB001B5793;
			productRefGroup = 776274F71CC71EBB001B5793 /* Products */;
			projectDirPath = "";
			projectRoot = "";
			targets = (
				776274F51CC71EBB001B5793 /* 盗梦极客VR */,
			);
		};
/* End PBXProject section */

/* Begin PBXResourcesBuildPhase section */
		776274F41CC71EBB001B5793 /* Resources */ = {
			isa = PBXResourcesBuildPhase;
			buildActionMask = 2147483647;
			files = (
				776275041CC71EBB001B5793 /* LaunchScreen.storyboard in Resources */,
				776275011CC71EBB001B5793 /* Assets.xcassets in Resources */,
				776274FF1CC71EBB001B5793 /* Main.storyboard in Resources */,
			);
			runOnlyForDeploymentPostprocessing = 0;
		};
/* End PBXResourcesBuildPhase section */

/* Begin PBXSourcesBuildPhase section */
		776274F21CC71EBB001B5793 /* Sources */ = {
			isa = PBXSourcesBuildPhase;
			buildActionMask = 2147483647;
			files = (
				776274FC1CC71EBB001B5793 /* ViewController.swift in Sources */,
				776274FA1CC71EBB001B5793 /* AppDelegate.swift in Sources */,
			);
			runOnlyForDeploymentPostprocessing = 0;
		};
/* End PBXSourcesBuildPhase section */

/* Begin PBXVariantGroup section */
		776274FD1CC71EBB001B5793 /* Main.storyboard */ = {
			isa = PBXVariantGroup;
			children = (
				776274FE1CC71EBB001B5793 /* Base */,
			);
			name = Main.storyboard;
			sourceTree = "<group>";
		};
		776275021CC71EBB001B5793 /* LaunchScreen.storyboard */ = {
			isa = PBXVariantGroup;
			children = (
				776275031CC71EBB001B5793 /* Base */,
			);
			name = LaunchScreen.storyboard;
			sourceTree = "<group>";
		};
/* End PBXVariantGroup section */

/* Begin XCBuildConfiguration section */
		776275061CC71EBB001B5793 /* Debug */ = {
			isa = XCBuildConfiguration;
			buildSettings = {
				ALWAYS_SEARCH_USER_PATHS = NO;
				CLANG_ANALYZER_NONNULL = YES;
				CLANG_CXX_LANGUAGE_STANDARD = "gnu++0x";
				CLANG_CXX_LIBRARY = "libc++";
				CLANG_ENABLE_MODULES = YES;
				CLANG_ENABLE_OBJC_ARC = YES;
				CLANG_WARN_BOOL_CONVERSION = YES;
				CLANG_WARN_CONSTANT_CONVERSION = YES;
				CLANG_WARN_DIRECT_OBJC_ISA_USAGE = YES_ERROR;
				CLANG_WARN_EMPTY_BODY = YES;
				CLANG_WARN_ENUM_CONVERSION = YES;
				CLANG_WARN_INT_CONVERSION = YES;
				CLANG_WARN_OBJC_ROOT_CLASS = YES_ERROR;
				CLANG_WARN_UNREACHABLE_CODE = YES;
				CLANG_WARN__DUPLICATE_METHOD_MATCH = YES;
				"CODE_SIGN_IDENTITY[sdk=iphoneos*]" = "iPhone Developer";
				COPY_PHASE_STRIP = NO;
				DEBUG_INFORMATION_FORMAT = dwarf;
				ENABLE_STRICT_OBJC_MSGSEND = YES;
				ENABLE_TESTABILITY = YES;
				GCC_C_LANGUAGE_STANDARD = gnu99;
				GCC_DYNAMIC_NO_PIC = NO;
				GCC_NO_COMMON_BLOCKS = YES;
				GCC_OPTIMIZATION_LEVEL = 0;
				GCC_PREPROCESSOR_DEFINITIONS = (
					"DEBUG=1",
					"$(inherited)",
				);
				GCC_WARN_64_TO_32_BIT_CONVERSION = YES;
				GCC_WARN_ABOUT_RETURN_TYPE = YES_ERROR;
				GCC_WARN_UNDECLARED_SELECTOR = YES;
				GCC_WARN_UNINITIALIZED_AUTOS = YES_AGGRESSIVE;
				GCC_WARN_UNUSED_FUNCTION = YES;
				GCC_WARN_UNUSED_VARIABLE = YES;
				IPHONEOS_DEPLOYMENT_TARGET = 9.3;
				MTL_ENABLE_DEBUG_INFO = YES;
				ONLY_ACTIVE_ARCH = YES;
				SDKROOT = iphoneos;
				SWIFT_OPTIMIZATION_LEVEL = "-Onone";
			};
			name = Debug;
		};
		776275071CC71EBB001B5793 /* Release */ = {
			isa = XCBuildConfiguration;
			buildSettings = {
				ALWAYS_SEARCH_USER_PATHS = NO;
				CLANG_ANALYZER_NONNULL = YES;
				CLANG_CXX_LANGUAGE_STANDARD = "gnu++0x";
				CLANG_CXX_LIBRARY = "libc++";
				CLANG_ENABLE_MODULES = YES;
				CLANG_ENABLE_OBJC_ARC = YES;
				CLANG_WARN_BOOL_CONVERSION = YES;
				CLANG_WARN_CONSTANT_CONVERSION = YES;
				CLANG_WARN_DIRECT_OBJC_ISA_USAGE = YES_ERROR;
				CLANG_WARN_EMPTY_BODY = YES;
				CLANG_WARN_ENUM_CONVERSION = YES;
				CLANG_WARN_INT_CONVERSION = YES;
				CLANG_WARN_OBJC_ROOT_CLASS = YES_ERROR;
				CLANG_WARN_UNREACHABLE_CODE = YES;
				CLANG_WARN__DUPLICATE_METHOD_MATCH = YES;
				"CODE_SIGN_IDENTITY[sdk=iphoneos*]" = "iPhone Developer";
				COPY_PHASE_STRIP = NO;
				DEBUG_INFORMATION_FORMAT = "dwarf-with-dsym";
				ENABLE_NS_ASSERTIONS = NO;
				ENABLE_STRICT_OBJC_MSGSEND = YES;
				GCC_C_LANGUAGE_STANDARD = gnu99;
				GCC_NO_COMMON_BLOCKS = YES;
				GCC_WARN_64_TO_32_BIT_CONVERSION = YES;
				GCC_WARN_ABOUT_RETURN_TYPE = YES_ERROR;
				GCC_WARN_UNDECLARED_SELECTOR = YES;
				GCC_WARN_UNINITIALIZED_AUTOS = YES_AGGRESSIVE;
				GCC_WARN_UNUSED_FUNCTION = YES;
				GCC_WARN_UNUSED_VARIABLE = YES;
				IPHONEOS_DEPLOYMENT_TARGET = 9.3;
				MTL_ENABLE_DEBUG_INFO = NO;
				SDKROOT = iphoneos;
				VALIDATE_PRODUCT = YES;
			};
			name = Release;
		};
		776275091CC71EBB001B5793 /* Debug */ = {
			isa = XCBuildConfiguration;
			buildSettings = {
				ASSETCATALOG_COMPILER_APPICON_NAME = AppIcon;
				INFOPLIST_FILE = "盗梦极客VR/Info.plist";
				LD_RUNPATH_SEARCH_PATHS = "$(inherited) @executable_path/Frameworks";
				PRODUCT_BUNDLE_IDENTIFIER = "lyedu.cn.----VR";
				PRODUCT_NAME = "$(TARGET_NAME)";
			};
			name = Debug;
		};
		7762750A1CC71EBB001B5793 /* Release */ = {
			isa = XCBuildConfiguration;
			buildSettings = {
				ASSETCATALOG_COMPILER_APPICON_NAME = AppIcon;
				INFOPLIST_FILE = "盗梦极客VR/Info.plist";
				LD_RUNPATH_SEARCH_PATHS = "$(inherited) @executable_path/Frameworks";
				PRODUCT_BUNDLE_IDENTIFIER = "lyedu.cn.----VR";
				PRODUCT_NAME = "$(TARGET_NAME)";
			};
			name = Release;
		};
/* End XCBuildConfiguration section */

/* Begin XCConfigurationList section */
		776274F11CC71EBB001B5793 /* Build configuration list for PBXProject "盗梦极客VR" */ = {
			isa = XCConfigurationList;
			buildConfigurations = (
				776275061CC71EBB001B5793 /* Debug */,
				776275071CC71EBB001B5793 /* Release */,
			);
			defaultConfigurationIsVisible = 0;
			defaultConfigurationName = Release;
		};
		776275081CC71EBB001B5793 /* Build configuration list for PBXNativeTarget "盗梦极客VR" */ = {
			isa = XCConfigurationList;
			buildConfigurations = (
				776275091CC71EBB001B5793 /* Debug */,
				7762750A1CC71EBB001B5793 /* Release */,
			);
			defaultConfigurationIsVisible = 0;
		};
/* End XCConfigurationList section */
	};
	rootObject = 776274EE1CC71EBB001B5793 /* Project object */;
}
